
Microsoft Visual Studio Solution File, Format Version 9.00
# Visual Studio 2005
Project("{8BC9CEB8-8B4A-11D0-8D11-00A0C91BC942}") = "NifCmd", "NifCmd_VC80.vcproj", "{3976526D-2906-443B-B716-95E3915A7CBE}"
	ProjectSection(ProjectDependencies) = postProject
		{19FD8EE6-79CC-4BAC-9744-D9573BE47C7E} = {19FD8EE6-79CC-4BAC-9744-D9573BE47C7E}
	EndProjectSection
EndProject
Project("{8BC9CEB8-8B4A-11D0-8D11-00A0C91BC942}") = "Niflib", "..\..\..\niflib\niflib.vcproj", "{19FD8EE6-79CC-4BAC-9744-D9573BE47C7E}"
EndProject
Project("{8BC9CEB8-8B4A-11D0-8D11-00A0C91BC942}") = "NifMopp", "..\NifMopp\NifMopp.vcproj", "{97AD0704-9B55-4571-928D-AC4787D0FE5E}"
EndProject
Global
	GlobalSection(SubversionScc) = preSolution
		Svn-Managed = True
		Manager = AnkhSVN - Subversion Support for Visual Studio
	EndGlobalSection
	GlobalSection(SolutionConfigurationPlatforms) = preSolution
		Debug|Win32 = Debug|Win32
		Release|Win32 = Release|Win32
	EndGlobalSection
	GlobalSection(ProjectConfigurationPlatforms) = postSolution
		{3976526D-2906-443B-B716-95E3915A7CBE}.Debug|Win32.ActiveCfg = Debug|Win32
		{3976526D-2906-443B-B716-95E3915A7CBE}.Debug|Win32.Build.0 = Debug|Win32
		{3976526D-2906-443B-B716-95E3915A7CBE}.Release|Win32.ActiveCfg = Release|Win32
		{3976526D-2906-443B-B716-95E3915A7CBE}.Release|Win32.Build.0 = Release|Win32
		{19FD8EE6-79CC-4BAC-9744-D9573BE47C7E}.Debug|Win32.ActiveCfg = Debug - Static|Win32
		{19FD8EE6-79CC-4BAC-9744-D9573BE47C7E}.Debug|Win32.Build.0 = Debug - Static|Win32
		{19FD8EE6-79CC-4BAC-9744-D9573BE47C7E}.Release|Win32.ActiveCfg = Release - Static|Win32
		{19FD8EE6-79CC-4BAC-9744-D9573BE47C7E}.Release|Win32.Build.0 = Release - Static|Win32
		{97AD0704-9B55-4571-928D-AC4787D0FE5E}.Debug|Win32.ActiveCfg = Debug|Win32
		{97AD0704-9B55-4571-928D-AC4787D0FE5E}.Debug|Win32.Build.0 = Debug|Win32
		{97AD0704-9B55-4571-928D-AC4787D0FE5E}.Release|Win32.ActiveCfg = Release|Win32
		{97AD0704-9B55-4571-928D-AC4787D0FE5E}.Release|Win32.Build.0 = Release|Win32
	EndGlobalSection
	GlobalSection(SolutionProperties) = preSolution
		HideSolutionNode = FALSE
	EndGlobalSection
EndGlobal
