
Microsoft Visual Studio Solution File, Format Version 9.00
# Visual Studio 2005
Project("{8BC9CEB8-8B4A-11D0-8D11-00A0C91BC942}") = "NifCmd", "NifCmd_VC80.vcproj", "{3976526D-2906-443B-B716-95E3915A7CBE}"
	ProjectSection(ProjectDependencies) = postProject
		{19FD8EE6-79CC-4BAC-9744-D9573BE47C7E} = {19FD8EE6-79CC-4BAC-9744-D9573BE47C7E}
	EndProjectSection
EndProject
Project("{8BC9CEB8-8B4A-11D0-8D11-00A0C91BC942}") = "Niflib", "..\..\..\niflib\niflib.vcproj", "{19FD8EE6-79CC-4BAC-9744-D9573BE47C7E}"
EndProject
Global
	GlobalSection(SolutionConfigurationPlatforms) = preSolution
		Debug - PCH|Win32 = Debug - PCH|Win32
		Debug Multithreaded DLL|Win32 = Debug Multithreaded DLL|Win32
		Debug Multithreaded|Win32 = Debug Multithreaded|Win32
		Debug|Win32 = Debug|Win32
		FullDebug Multithreaded DLL|Win32 = FullDebug Multithreaded DLL|Win32
		FullDebug Multithreaded|Win32 = FullDebug Multithreaded|Win32
		Hybrid Multithreaded DLL|Win32 = Hybrid Multithreaded DLL|Win32
		PyNiflib|Win32 = PyNiflib|Win32
		Release - DLL|Win32 = Release - DLL|Win32
		Release - PCH|Win32 = Release - PCH|Win32
		Release Multithreaded DLL|Win32 = Release Multithreaded DLL|Win32
		Release Multithreaded|Win32 = Release Multithreaded|Win32
		Release|Win32 = Release|Win32
	EndGlobalSection
	GlobalSection(ProjectConfigurationPlatforms) = postSolution
		{3976526D-2906-443B-B716-95E3915A7CBE}.Debug - PCH|Win32.ActiveCfg = Debug|Win32
		{3976526D-2906-443B-B716-95E3915A7CBE}.Debug - PCH|Win32.Build.0 = Debug|Win32
		{3976526D-2906-443B-B716-95E3915A7CBE}.Debug Multithreaded DLL|Win32.ActiveCfg = Debug|Win32
		{3976526D-2906-443B-B716-95E3915A7CBE}.Debug Multithreaded DLL|Win32.Build.0 = Debug|Win32
		{3976526D-2906-443B-B716-95E3915A7CBE}.Debug Multithreaded|Win32.ActiveCfg = Debug|Win32
		{3976526D-2906-443B-B716-95E3915A7CBE}.Debug Multithreaded|Win32.Build.0 = Debug|Win32
		{3976526D-2906-443B-B716-95E3915A7CBE}.Debug|Win32.ActiveCfg = Debug|Win32
		{3976526D-2906-443B-B716-95E3915A7CBE}.Debug|Win32.Build.0 = Debug|Win32
		{3976526D-2906-443B-B716-95E3915A7CBE}.FullDebug Multithreaded DLL|Win32.ActiveCfg = Debug|Win32
		{3976526D-2906-443B-B716-95E3915A7CBE}.FullDebug Multithreaded DLL|Win32.Build.0 = Debug|Win32
		{3976526D-2906-443B-B716-95E3915A7CBE}.FullDebug Multithreaded|Win32.ActiveCfg = Debug|Win32
		{3976526D-2906-443B-B716-95E3915A7CBE}.FullDebug Multithreaded|Win32.Build.0 = Debug|Win32
		{3976526D-2906-443B-B716-95E3915A7CBE}.Hybrid Multithreaded DLL|Win32.ActiveCfg = Release|Win32
		{3976526D-2906-443B-B716-95E3915A7CBE}.Hybrid Multithreaded DLL|Win32.Build.0 = Release|Win32
		{3976526D-2906-443B-B716-95E3915A7CBE}.PyNiflib|Win32.ActiveCfg = Release|Win32
		{3976526D-2906-443B-B716-95E3915A7CBE}.PyNiflib|Win32.Build.0 = Release|Win32
		{3976526D-2906-443B-B716-95E3915A7CBE}.Release - DLL|Win32.ActiveCfg = Release|Win32
		{3976526D-2906-443B-B716-95E3915A7CBE}.Release - DLL|Win32.Build.0 = Release|Win32
		{3976526D-2906-443B-B716-95E3915A7CBE}.Release - PCH|Win32.ActiveCfg = Release|Win32
		{3976526D-2906-443B-B716-95E3915A7CBE}.Release - PCH|Win32.Build.0 = Release|Win32
		{3976526D-2906-443B-B716-95E3915A7CBE}.Release Multithreaded DLL|Win32.ActiveCfg = Release|Win32
		{3976526D-2906-443B-B716-95E3915A7CBE}.Release Multithreaded DLL|Win32.Build.0 = Release|Win32
		{3976526D-2906-443B-B716-95E3915A7CBE}.Release Multithreaded|Win32.ActiveCfg = Release|Win32
		{3976526D-2906-443B-B716-95E3915A7CBE}.Release Multithreaded|Win32.Build.0 = Release|Win32
		{3976526D-2906-443B-B716-95E3915A7CBE}.Release|Win32.ActiveCfg = Release|Win32
		{3976526D-2906-443B-B716-95E3915A7CBE}.Release|Win32.Build.0 = Release|Win32
		{19FD8EE6-79CC-4BAC-9744-D9573BE47C7E}.Debug - PCH|Win32.ActiveCfg = Debug - Static|Win32
		{19FD8EE6-79CC-4BAC-9744-D9573BE47C7E}.Debug - PCH|Win32.Build.0 = Debug - Static|Win32
		{19FD8EE6-79CC-4BAC-9744-D9573BE47C7E}.Debug Multithreaded DLL|Win32.ActiveCfg = Debug - PCH|Win32
		{19FD8EE6-79CC-4BAC-9744-D9573BE47C7E}.Debug Multithreaded DLL|Win32.Build.0 = Debug - PCH|Win32
		{19FD8EE6-79CC-4BAC-9744-D9573BE47C7E}.Debug Multithreaded|Win32.ActiveCfg = Debug - PCH|Win32
		{19FD8EE6-79CC-4BAC-9744-D9573BE47C7E}.Debug Multithreaded|Win32.Build.0 = Debug - PCH|Win32
		{19FD8EE6-79CC-4BAC-9744-D9573BE47C7E}.Debug|Win32.ActiveCfg = Debug - PCH|Win32
		{19FD8EE6-79CC-4BAC-9744-D9573BE47C7E}.Debug|Win32.Build.0 = Debug - PCH|Win32
		{19FD8EE6-79CC-4BAC-9744-D9573BE47C7E}.FullDebug Multithreaded DLL|Win32.ActiveCfg = Release - PCH|Win32
		{19FD8EE6-79CC-4BAC-9744-D9573BE47C7E}.FullDebug Multithreaded DLL|Win32.Build.0 = Release - PCH|Win32
		{19FD8EE6-79CC-4BAC-9744-D9573BE47C7E}.FullDebug Multithreaded|Win32.ActiveCfg = Release - PCH|Win32
		{19FD8EE6-79CC-4BAC-9744-D9573BE47C7E}.FullDebug Multithreaded|Win32.Build.0 = Release - PCH|Win32
		{19FD8EE6-79CC-4BAC-9744-D9573BE47C7E}.Hybrid Multithreaded DLL|Win32.ActiveCfg = Release - PCH|Win32
		{19FD8EE6-79CC-4BAC-9744-D9573BE47C7E}.Hybrid Multithreaded DLL|Win32.Build.0 = Release - PCH|Win32
		{19FD8EE6-79CC-4BAC-9744-D9573BE47C7E}.PyNiflib|Win32.ActiveCfg = PyNiflib|Win32
		{19FD8EE6-79CC-4BAC-9744-D9573BE47C7E}.PyNiflib|Win32.Build.0 = PyNiflib|Win32
		{19FD8EE6-79CC-4BAC-9744-D9573BE47C7E}.Release - DLL|Win32.ActiveCfg = Release - DLL|Win32
		{19FD8EE6-79CC-4BAC-9744-D9573BE47C7E}.Release - DLL|Win32.Build.0 = Release - DLL|Win32
		{19FD8EE6-79CC-4BAC-9744-D9573BE47C7E}.Release - PCH|Win32.ActiveCfg = Release - PCH|Win32
		{19FD8EE6-79CC-4BAC-9744-D9573BE47C7E}.Release - PCH|Win32.Build.0 = Release - PCH|Win32
		{19FD8EE6-79CC-4BAC-9744-D9573BE47C7E}.Release Multithreaded DLL|Win32.ActiveCfg = Release - PCH|Win32
		{19FD8EE6-79CC-4BAC-9744-D9573BE47C7E}.Release Multithreaded DLL|Win32.Build.0 = Release - PCH|Win32
		{19FD8EE6-79CC-4BAC-9744-D9573BE47C7E}.Release Multithreaded|Win32.ActiveCfg = Release - PCH|Win32
		{19FD8EE6-79CC-4BAC-9744-D9573BE47C7E}.Release Multithreaded|Win32.Build.0 = Release - PCH|Win32
		{19FD8EE6-79CC-4BAC-9744-D9573BE47C7E}.Release|Win32.ActiveCfg = Release - PCH|Win32
		{19FD8EE6-79CC-4BAC-9744-D9573BE47C7E}.Release|Win32.Build.0 = Release - PCH|Win32
	EndGlobalSection
	GlobalSection(SolutionProperties) = preSolution
		HideSolutionNode = FALSE
	EndGlobalSection
EndGlobal
